
Microsoft Visual Studio Solution File, Format Version 12.00
# Visual Studio Version 17
VisualStudioVersion = 17.0.31919.166
MinimumVisualStudioVersion = 10.0.40219.1
Project("{9A19103F-16F7-4668-BE54-9A1E7A4F7556}") = "HabiticaPetFeeder.Tests", "HabiticaPetFeeder.Tests\HabiticaPetFeeder.Tests.csproj", "{486037EC-5E4B-4269-B55A-7E8E57A71BD6}"
	ProjectSection(ProjectDependencies) = postProject
		{D4CDBF27-0A68-44FB-AC82-24BA63D41F0A} = {D4CDBF27-0A68-44FB-AC82-24BA63D41F0A}
	EndProjectSection
EndProject
Project("{9A19103F-16F7-4668-BE54-9A1E7A4F7556}") = "HabiticaPetFeeder.Logic", "HabiticaPetFeeder.Logic\HabiticaPetFeeder.Logic.csproj", "{D4CDBF27-0A68-44FB-AC82-24BA63D41F0A}"
EndProject
Project("{9A19103F-16F7-4668-BE54-9A1E7A4F7556}") = "HabiticaPetFeeder.Api", "HabiticaPetFeeder.Api\HabiticaPetFeeder.Api.csproj", "{5BB81179-DF14-41B4-A5C7-C569E503D78B}"
EndProject
Project("{9A19103F-16F7-4668-BE54-9A1E7A4F7556}") = "HabiticaPetFeeder.Tests.Integration", "HabiticaPetFeeder.Tests.Integration\HabiticaPetFeeder.Tests.Integration.csproj", "{4619D0F9-A667-481E-9520-C6BC98A5095B}"
EndProject
Global
	GlobalSection(SolutionConfigurationPlatforms) = preSolution
		Debug|Any CPU = Debug|Any CPU
		Release|Any CPU = Release|Any CPU
	EndGlobalSection
	GlobalSection(ProjectConfigurationPlatforms) = postSolution
		{486037EC-5E4B-4269-B55A-7E8E57A71BD6}.Debug|Any CPU.ActiveCfg = Debug|Any CPU
		{486037EC-5E4B-4269-B55A-7E8E57A71BD6}.Debug|Any CPU.Build.0 = Debug|Any CPU
		{486037EC-5E4B-4269-B55A-7E8E57A71BD6}.Release|Any CPU.ActiveCfg = Release|Any CPU
		{486037EC-5E4B-4269-B55A-7E8E57A71BD6}.Release|Any CPU.Build.0 = Release|Any CPU
		{D4CDBF27-0A68-44FB-AC82-24BA63D41F0A}.Debug|Any CPU.ActiveCfg = Debug|Any CPU
		{D4CDBF27-0A68-44FB-AC82-24BA63D41F0A}.Debug|Any CPU.Build.0 = Debug|Any CPU
		{D4CDBF27-0A68-44FB-AC82-24BA63D41F0A}.Release|Any CPU.ActiveCfg = Release|Any CPU
		{D4CDBF27-0A68-44FB-AC82-24BA63D41F0A}.Release|Any CPU.Build.0 = Release|Any CPU
		{5BB81179-DF14-41B4-A5C7-C569E503D78B}.Debug|Any CPU.ActiveCfg = Debug|Any CPU
		{5BB81179-DF14-41B4-A5C7-C569E503D78B}.Debug|Any CPU.Build.0 = Debug|Any CPU
		{5BB81179-DF14-41B4-A5C7-C569E503D78B}.Release|Any CPU.ActiveCfg = Release|Any CPU
		{5BB81179-DF14-41B4-A5C7-C569E503D78B}.Release|Any CPU.Build.0 = Release|Any CPU
		{4619D0F9-A667-481E-9520-C6BC98A5095B}.Debug|Any CPU.ActiveCfg = Debug|Any CPU
		{4619D0F9-A667-481E-9520-C6BC98A5095B}.Debug|Any CPU.Build.0 = Debug|Any CPU
		{4619D0F9-A667-481E-9520-C6BC98A5095B}.Release|Any CPU.ActiveCfg = Release|Any CPU
		{4619D0F9-A667-481E-9520-C6BC98A5095B}.Release|Any CPU.Build.0 = Release|Any CPU
	EndGlobalSection
	GlobalSection(SolutionProperties) = preSolution
		HideSolutionNode = FALSE
	EndGlobalSection
	GlobalSection(ExtensibilityGlobals) = postSolution
		SolutionGuid = {D8B8C6A3-EC0B-4E50-A94D-5D2FB75E45D1}
	EndGlobalSection
EndGlobal
