
Microsoft Visual Studio Solution File, Format Version 12.00
# Visual Studio Version 16
VisualStudioVersion = 16.0.31321.278
MinimumVisualStudioVersion = 10.0.40219.1
Project("{9A19103F-16F7-4668-BE54-9A1E7A4F7556}") = "HabiticaPetFeeder.App", "HabiticaPetFeeder.App\HabiticaPetFeeder.App.csproj", "{56D5400E-46D1-4FD5-99EB-68563B04D283}"
EndProject
Project("{FAE04EC0-301F-11D3-BF4B-00C04F79EFBC}") = "HabiticaPetFeeder.Tests", "HabiticaPetFeeder.Tests\HabiticaPetFeeder.Tests.csproj", "{486037EC-5E4B-4269-B55A-7E8E57A71BD6}"
EndProject
Global
	GlobalSection(SolutionConfigurationPlatforms) = preSolution
		Debug|Any CPU = Debug|Any CPU
		Release|Any CPU = Release|Any CPU
	EndGlobalSection
	GlobalSection(ProjectConfigurationPlatforms) = postSolution
		{56D5400E-46D1-4FD5-99EB-68563B04D283}.Debug|Any CPU.ActiveCfg = Debug|Any CPU
		{56D5400E-46D1-4FD5-99EB-68563B04D283}.Debug|Any CPU.Build.0 = Debug|Any CPU
		{56D5400E-46D1-4FD5-99EB-68563B04D283}.Release|Any CPU.ActiveCfg = Release|Any CPU
		{56D5400E-46D1-4FD5-99EB-68563B04D283}.Release|Any CPU.Build.0 = Release|Any CPU
		{486037EC-5E4B-4269-B55A-7E8E57A71BD6}.Debug|Any CPU.ActiveCfg = Debug|Any CPU
		{486037EC-5E4B-4269-B55A-7E8E57A71BD6}.Debug|Any CPU.Build.0 = Debug|Any CPU
		{486037EC-5E4B-4269-B55A-7E8E57A71BD6}.Release|Any CPU.ActiveCfg = Release|Any CPU
		{486037EC-5E4B-4269-B55A-7E8E57A71BD6}.Release|Any CPU.Build.0 = Release|Any CPU
	EndGlobalSection
	GlobalSection(SolutionProperties) = preSolution
		HideSolutionNode = FALSE
	EndGlobalSection
	GlobalSection(ExtensibilityGlobals) = postSolution
		SolutionGuid = {D8B8C6A3-EC0B-4E50-A94D-5D2FB75E45D1}
	EndGlobalSection
EndGlobal
